
Microsoft Visual Studio Solution File, Format Version 12.00
# Visual Studio Version 17
VisualStudioVersion = 17.5.002.0
MinimumVisualStudioVersion = 10.0.40219.1
Project("{9A19103F-16F7-4668-BE54-9A1E7A4F7556}") = "DZ9", "DZ9.csproj", "{DEF55DD8-2225-4A9B-92F8-87508A3598F6}"
EndProject
Global
	GlobalSection(SolutionConfigurationPlatforms) = preSolution
		Debug|Any CPU = Debug|Any CPU
		Release|Any CPU = Release|Any CPU
	EndGlobalSection
	GlobalSection(ProjectConfigurationPlatforms) = postSolution
		{DEF55DD8-2225-4A9B-92F8-87508A3598F6}.Debug|Any CPU.ActiveCfg = Debug|Any CPU
		{DEF55DD8-2225-4A9B-92F8-87508A3598F6}.Debug|Any CPU.Build.0 = Debug|Any CPU
		{DEF55DD8-2225-4A9B-92F8-87508A3598F6}.Release|Any CPU.ActiveCfg = Release|Any CPU
		{DEF55DD8-2225-4A9B-92F8-87508A3598F6}.Release|Any CPU.Build.0 = Release|Any CPU
	EndGlobalSection
	GlobalSection(SolutionProperties) = preSolution
		HideSolutionNode = FALSE
	EndGlobalSection
	GlobalSection(ExtensibilityGlobals) = postSolution
		SolutionGuid = {5E2F736A-1217-422A-BEEA-C90F131F9553}
	EndGlobalSection
EndGlobal
